
Microsoft Visual Studio Solution File, Format Version 12.00
# Visual Studio Version 16
VisualStudioVersion = 16.0.29509.3
MinimumVisualStudioVersion = 10.0.40219.1
Project("{FAE04EC0-301F-11D3-BF4B-00C04F79EFBC}") = "HKT", "HKT\HKT.csproj", "{4F22669B-501F-4E84-A3B1-9E5D73F1404F}"
EndProject
Project("{FAE04EC0-301F-11D3-BF4B-00C04F79EFBC}") = "StudentManager", "StudentManager\StudentManager.csproj", "{BCFE4B9A-FB2F-418E-B8FB-F13AFFCB2B1C}"
EndProject
Global
	GlobalSection(SolutionConfigurationPlatforms) = preSolution
		Debug|Any CPU = Debug|Any CPU
		Release|Any CPU = Release|Any CPU
	EndGlobalSection
	GlobalSection(ProjectConfigurationPlatforms) = postSolution
		{4F22669B-501F-4E84-A3B1-9E5D73F1404F}.Debug|Any CPU.ActiveCfg = Debug|Any CPU
		{4F22669B-501F-4E84-A3B1-9E5D73F1404F}.Debug|Any CPU.Build.0 = Debug|Any CPU
		{4F22669B-501F-4E84-A3B1-9E5D73F1404F}.Release|Any CPU.ActiveCfg = Release|Any CPU
		{4F22669B-501F-4E84-A3B1-9E5D73F1404F}.Release|Any CPU.Build.0 = Release|Any CPU
		{BCFE4B9A-FB2F-418E-B8FB-F13AFFCB2B1C}.Debug|Any CPU.ActiveCfg = Debug|Any CPU
		{BCFE4B9A-FB2F-418E-B8FB-F13AFFCB2B1C}.Debug|Any CPU.Build.0 = Debug|Any CPU
		{BCFE4B9A-FB2F-418E-B8FB-F13AFFCB2B1C}.Release|Any CPU.ActiveCfg = Release|Any CPU
		{BCFE4B9A-FB2F-418E-B8FB-F13AFFCB2B1C}.Release|Any CPU.Build.0 = Release|Any CPU
	EndGlobalSection
	GlobalSection(SolutionProperties) = preSolution
		HideSolutionNode = FALSE
	EndGlobalSection
	GlobalSection(ExtensibilityGlobals) = postSolution
		SolutionGuid = {DEAAAED3-9B29-4B5E-917F-001AB06D23A3}
	EndGlobalSection
EndGlobal
